// !$*UTF8*$!
{
	archiveVersion = 1;
	classes = {
	};
	objectVersion = 46;
	objects = {

/* Begin PBXAggregateTarget section */
		822C193F101EA4AF0034119F /* Build & Install */ = {
			isa = PBXAggregateTarget;
			buildConfigurationList = 822C1944101EA4D40034119F /* Build configuration list for PBXAggregateTarget "Build & Install" */;
			buildPhases = (
				822C193E101EA4AF0034119F /* ShellScript */,
			);
			dependencies = (
				822C1943101EA4B60034119F /* PBXTargetDependency */,
			);
			name = "Build & Install";
			productName = "Build & Install";
		};
		8230C7D110AFCB0600412F24 /* Distribution */ = {
			isa = PBXAggregateTarget;
			buildConfigurationList = 8230C7DD10AFCB2E00412F24 /* Build configuration list for PBXAggregateTarget "Distribution" */;
			buildPhases = (
				8230C7F410AFCBB500412F24 /* CopyFiles */,
				8230C7D010AFCB0600412F24 /* ShellScript */,
			);
			dependencies = (
				8230C7D510AFCB0F00412F24 /* PBXTargetDependency */,
			);
			name = Distribution;
			productName = Distribution;
		};
/* End PBXAggregateTarget section */

/* Begin PBXBuildFile section */
		82287C09101E9C2C0072172D /* libz.dylib in Frameworks */ = {isa = PBXBuildFile; fileRef = 82287C08101E9C2C0072172D /* libz.dylib */; };
		82287C39101E9DB40072172D /* GenPlusGameCore.m in Sources */ = {isa = PBXBuildFile; fileRef = 82287C34101E9DB40072172D /* GenPlusGameCore.m */; };
		82287C3A101E9DB40072172D /* GenPlusGameController.m in Sources */ = {isa = PBXBuildFile; fileRef = 82287C36101E9DB40072172D /* GenPlusGameController.m */; };
		82287C3B101E9DB40072172D /* GenPlusPreferenceView.m in Sources */ = {isa = PBXBuildFile; fileRef = 82287C38101E9DB40072172D /* GenPlusPreferenceView.m */; };
		82287C57101E9F090072172D /* OpenEmuBase.framework in Frameworks */ = {isa = PBXBuildFile; fileRef = 82287C56101E9F060072172D /* OpenEmuBase.framework */; };
		8230C7F110AFCBA200412F24 /* config.yaml in CopyFiles */ = {isa = PBXBuildFile; fileRef = 8230C7E510AFCB6200412F24 /* config.yaml */; };
		8230C81910AFCCB700412F24 /* dsa_pub.pem in Resources */ = {isa = PBXBuildFile; fileRef = 8230C81810AFCCB700412F24 /* dsa_pub.pem */; };
		825C7FF0101FBAC20072187B /* ControlsPreference.xib in Resources */ = {isa = PBXBuildFile; fileRef = 825C7FEF101FBAC20072187B /* ControlsPreference.xib */; };
		825C7FF2101FBAC90072187B /* gen6btn.png in Resources */ = {isa = PBXBuildFile; fileRef = 825C7FF1101FBAC90072187B /* gen6btn.png */; };
		8D5B49B0048680CD000E48DA /* InfoPlist.strings in Resources */ = {isa = PBXBuildFile; fileRef = 089C167DFE841241C02AAC07 /* InfoPlist.strings */; };
		8D5B49B4048680CD000E48DA /* Cocoa.framework in Frameworks */ = {isa = PBXBuildFile; fileRef = 1058C7ADFEA557BF11CA2CBB /* Cocoa.framework */; };
		B522A023134B8DE700069646 /* areplay.c in Sources */ = {isa = PBXBuildFile; fileRef = B5229F05134B8DE700069646 /* areplay.c */; };
		B522A024134B8DE700069646 /* eeprom.c in Sources */ = {isa = PBXBuildFile; fileRef = B5229F07134B8DE700069646 /* eeprom.c */; };
		B522A025134B8DE700069646 /* ggenie.c in Sources */ = {isa = PBXBuildFile; fileRef = B5229F09134B8DE700069646 /* ggenie.c */; };
		B522A026134B8DE700069646 /* md_cart.c in Sources */ = {isa = PBXBuildFile; fileRef = B5229F0B134B8DE700069646 /* md_cart.c */; };
		B522A027134B8DE700069646 /* sms_cart.c in Sources */ = {isa = PBXBuildFile; fileRef = B5229F0D134B8DE700069646 /* sms_cart.c */; };
		B522A028134B8DE700069646 /* sram.c in Sources */ = {isa = PBXBuildFile; fileRef = B5229F0F134B8DE700069646 /* sram.c */; };
		B522A029134B8DE700069646 /* imageformat.txt in Resources */ = {isa = PBXBuildFile; fileRef = B5229F12134B8DE700069646 /* imageformat.txt */; };
		B522A02A134B8DE700069646 /* ssp16.c in Sources */ = {isa = PBXBuildFile; fileRef = B5229F13134B8DE700069646 /* ssp16.c */; };
		B522A02B134B8DE700069646 /* svp.c in Sources */ = {isa = PBXBuildFile; fileRef = B5229F15134B8DE700069646 /* svp.c */; };
		B522A02C134B8DE700069646 /* svpdoc.txt in Resources */ = {isa = PBXBuildFile; fileRef = B5229F17134B8DE700069646 /* svpdoc.txt */; };
		B522A02D134B8DE700069646 /* genesis.c in Sources */ = {isa = PBXBuildFile; fileRef = B5229F18134B8DE700069646 /* genesis.c */; };
		B522A0AB134B8DE700069646 /* activator.c in Sources */ = {isa = PBXBuildFile; fileRef = B5229FB1134B8DE700069646 /* activator.c */; };
		B522A0AC134B8DE700069646 /* gamepad.c in Sources */ = {isa = PBXBuildFile; fileRef = B5229FB3134B8DE700069646 /* gamepad.c */; };
		B522A0AD134B8DE700069646 /* input.c in Sources */ = {isa = PBXBuildFile; fileRef = B5229FB5134B8DE700069646 /* input.c */; };
		B522A0AE134B8DE700069646 /* lightgun.c in Sources */ = {isa = PBXBuildFile; fileRef = B5229FB7134B8DE700069646 /* lightgun.c */; };
		B522A0AF134B8DE700069646 /* mouse.c in Sources */ = {isa = PBXBuildFile; fileRef = B5229FB9134B8DE700069646 /* mouse.c */; };
		B522A0B0134B8DE700069646 /* paddle.c in Sources */ = {isa = PBXBuildFile; fileRef = B5229FBB134B8DE700069646 /* paddle.c */; };
		B522A0B1134B8DE700069646 /* sportspad.c in Sources */ = {isa = PBXBuildFile; fileRef = B5229FBD134B8DE700069646 /* sportspad.c */; };
		B522A0B2134B8DE700069646 /* teamplayer.c in Sources */ = {isa = PBXBuildFile; fileRef = B5229FBF134B8DE700069646 /* teamplayer.c */; };
		B522A0B3134B8DE700069646 /* xe_a1p.c in Sources */ = {isa = PBXBuildFile; fileRef = B5229FC1134B8DE700069646 /* xe_a1p.c */; };
		B522A0B4134B8DE700069646 /* io_ctrl.c in Sources */ = {isa = PBXBuildFile; fileRef = B5229FC3134B8DE700069646 /* io_ctrl.c */; };
		B522A0B5134B8DE700069646 /* loadrom.c in Sources */ = {isa = PBXBuildFile; fileRef = B5229FC5134B8DE700069646 /* loadrom.c */; };
		B522A0B6134B8DE700069646 /* m68kcpu.c in Sources */ = {isa = PBXBuildFile; fileRef = B5229FCA134B8DE700069646 /* m68kcpu.c */; };
		B522A0B7134B8DE700069646 /* m68kops.c in Sources */ = {isa = PBXBuildFile; fileRef = B5229FCD134B8DE700069646 /* m68kops.c */; };
		B522A0B8134B8DE700069646 /* readme.txt in Resources */ = {isa = PBXBuildFile; fileRef = B5229FCF134B8DE700069646 /* readme.txt */; };
		B522A0B9134B8DE700069646 /* mem68k.c in Sources */ = {isa = PBXBuildFile; fileRef = B5229FD1134B8DE700069646 /* mem68k.c */; };
		B522A0BA134B8DE700069646 /* membnk.c in Sources */ = {isa = PBXBuildFile; fileRef = B5229FD3134B8DE700069646 /* membnk.c */; };
		B522A0BB134B8DE700069646 /* memz80.c in Sources */ = {isa = PBXBuildFile; fileRef = B5229FD5134B8DE700069646 /* memz80.c */; };
		B522A0BC134B8DE700069646 /* changes.txt in Resources */ = {isa = PBXBuildFile; fileRef = B5229FD8134B8DE700069646 /* changes.txt */; };
		B522A0BD134B8DE700069646 /* license.txt in Resources */ = {isa = PBXBuildFile; fileRef = B5229FD9134B8DE700069646 /* license.txt */; };
		B522A0BE134B8DE700069646 /* md_ntsc.c in Sources */ = {isa = PBXBuildFile; fileRef = B5229FDA134B8DE700069646 /* md_ntsc.c */; };
		B522A0BF134B8DE700069646 /* readme.txt in Resources */ = {isa = PBXBuildFile; fileRef = B5229FDE134B8DE700069646 /* readme.txt */; };
		B522A0C0134B8DE700069646 /* sms_ntsc.c in Sources */ = {isa = PBXBuildFile; fileRef = B5229FDF134B8DE700069646 /* sms_ntsc.c */; };
		B522A0C1134B8DE700069646 /* sms_ntsc.txt in Resources */ = {isa = PBXBuildFile; fileRef = B5229FE1134B8DE700069646 /* sms_ntsc.txt */; };
		B522A0C2134B8DE700069646 /* blip.c in Sources */ = {isa = PBXBuildFile; fileRef = B5229FE6134B8DE700069646 /* blip.c */; };
		B522A0C3134B8DE700069646 /* eq.c in Sources */ = {isa = PBXBuildFile; fileRef = B5229FE8134B8DE700069646 /* eq.c */; };
		B522A0C4134B8DE700069646 /* Fir_Resampler.c in Sources */ = {isa = PBXBuildFile; fileRef = B5229FEA134B8DE700069646 /* Fir_Resampler.c */; };
		B522A0C5134B8DE700069646 /* sn76489.c in Sources */ = {isa = PBXBuildFile; fileRef = B5229FEC134B8DE700069646 /* sn76489.c */; };
		B522A0C6134B8DE700069646 /* sound.c in Sources */ = {isa = PBXBuildFile; fileRef = B5229FEE134B8DE700069646 /* sound.c */; };
		B522A0C7134B8DE700069646 /* ym2612.c in Sources */ = {isa = PBXBuildFile; fileRef = B5229FF0134B8DE700069646 /* ym2612.c */; };
		B522A0C8134B8DE700069646 /* state.c in Sources */ = {isa = PBXBuildFile; fileRef = B5229FF2134B8DE700069646 /* state.c */; };
		B522A0C9134B8DE700069646 /* system.c in Sources */ = {isa = PBXBuildFile; fileRef = B5229FF4134B8DE700069646 /* system.c */; };
		B522A0DE134B8DE700069646 /* vdp_ctrl.c in Sources */ = {isa = PBXBuildFile; fileRef = B522A01B134B8DE700069646 /* vdp_ctrl.c */; };
		B522A0DF134B8DE700069646 /* vdp_render.c in Sources */ = {isa = PBXBuildFile; fileRef = B522A01D134B8DE700069646 /* vdp_render.c */; };
		B522A0E0134B8DE700069646 /* z80.c in Sources */ = {isa = PBXBuildFile; fileRef = B522A021134B8DE700069646 /* z80.c */; };
		B5BC026912F34EA6009D0D80 /* config.c in Sources */ = {isa = PBXBuildFile; fileRef = B5BC026012F34EA6009D0D80 /* config.c */; };
		B5BC026A12F34EA6009D0D80 /* error.c in Sources */ = {isa = PBXBuildFile; fileRef = B5BC026212F34EA6009D0D80 /* error.c */; };
		B5BC026B12F34EA6009D0D80 /* fileio.c in Sources */ = {isa = PBXBuildFile; fileRef = B5BC026412F34EA6009D0D80 /* fileio.c */; };
		B5BC026C12F34EA6009D0D80 /* unzip.c in Sources */ = {isa = PBXBuildFile; fileRef = B5BC026712F34EA6009D0D80 /* unzip.c */; };
/* End PBXBuildFile section */

/* Begin PBXContainerItemProxy section */
		3783946D102922A200168304 /* PBXContainerItemProxy */ = {
			isa = PBXContainerItemProxy;
			containerPortal = 82287C47101E9F060072172D /* OpenEmu.xcodeproj */;
			proxyType = 2;
			remoteGlobalIDString = 3887A7F61024D1F9000FC4CF;
			remoteInfo = OESaveStateQLPlugin;
		};
		82287C51101E9F060072172D /* PBXContainerItemProxy */ = {
			isa = PBXContainerItemProxy;
			containerPortal = 82287C47101E9F060072172D /* OpenEmu.xcodeproj */;
			proxyType = 2;
			remoteGlobalIDString = 8D15AC370486D014006FF6A4;
			remoteInfo = OpenEmu;
		};
		82287C53101E9F060072172D /* PBXContainerItemProxy */ = {
			isa = PBXContainerItemProxy;
			containerPortal = 82287C47101E9F060072172D /* OpenEmu.xcodeproj */;
			proxyType = 2;
			remoteGlobalIDString = 828E65980E8466A100B1860B;
			remoteInfo = OpenEmuQC;
		};
		82287C55101E9F060072172D /* PBXContainerItemProxy */ = {
			isa = PBXContainerItemProxy;
			containerPortal = 82287C47101E9F060072172D /* OpenEmu.xcodeproj */;
			proxyType = 2;
			remoteGlobalIDString = 82444BA10F51256C007C171B;
			remoteInfo = OpenEmuBase;
		};
		82287C96101EA0560072172D /* PBXContainerItemProxy */ = {
			isa = PBXContainerItemProxy;
			containerPortal = 82287C47101E9F060072172D /* OpenEmu.xcodeproj */;
			proxyType = 1;
			remoteGlobalIDString = 82444BA00F51256C007C171B;
			remoteInfo = OpenEmuBase;
		};
		822C1942101EA4B60034119F /* PBXContainerItemProxy */ = {
			isa = PBXContainerItemProxy;
			containerPortal = 089C1669FE841209C02AAC07 /* Project object */;
			proxyType = 1;
			remoteGlobalIDString = 8D5B49AC048680CD000E48DA;
			remoteInfo = GenesisPlus;
		};
		8230C7D410AFCB0F00412F24 /* PBXContainerItemProxy */ = {
			isa = PBXContainerItemProxy;
			containerPortal = 089C1669FE841209C02AAC07 /* Project object */;
			proxyType = 1;
			remoteGlobalIDString = 8D5B49AC048680CD000E48DA;
			remoteInfo = GenesisPlus;
		};
		C62A25AF116F07940003DEE4 /* PBXContainerItemProxy */ = {
			isa = PBXContainerItemProxy;
			containerPortal = 82287C47101E9F060072172D /* OpenEmu.xcodeproj */;
			proxyType = 2;
			remoteGlobalIDString = 1BEF2CFD116854650090F72B;
			remoteInfo = OpenEmuDebugHelperAppApp;
		};
		C62A25B1116F07940003DEE4 /* PBXContainerItemProxy */ = {
			isa = PBXContainerItemProxy;
			containerPortal = 82287C47101E9F060072172D /* OpenEmu.xcodeproj */;
			proxyType = 2;
			remoteGlobalIDString = 1BEF2A9411682A530090F72B;
			remoteInfo = OpenEmuHelperApp;
		};
/* End PBXContainerItemProxy section */

/* Begin PBXCopyFilesBuildPhase section */
		8230C7F410AFCBB500412F24 /* CopyFiles */ = {
			isa = PBXCopyFilesBuildPhase;
			buildActionMask = 2147483647;
			dstPath = "";
			dstSubfolderSpec = 16;
			files = (
				8230C7F110AFCBA200412F24 /* config.yaml in CopyFiles */,
			);
			runOnlyForDeploymentPostprocessing = 0;
		};
/* End PBXCopyFilesBuildPhase section */

/* Begin PBXFileReference section */
		089C1672FE841209C02AAC07 /* Foundation.framework */ = {isa = PBXFileReference; lastKnownFileType = wrapper.framework; name = Foundation.framework; path = /System/Library/Frameworks/Foundation.framework; sourceTree = "<absolute>"; };
		089C167EFE841241C02AAC07 /* English */ = {isa = PBXFileReference; fileEncoding = 10; lastKnownFileType = text.plist.strings; name = English; path = English.lproj/InfoPlist.strings; sourceTree = "<group>"; };
		089C167FFE841241C02AAC07 /* AppKit.framework */ = {isa = PBXFileReference; lastKnownFileType = wrapper.framework; name = AppKit.framework; path = /System/Library/Frameworks/AppKit.framework; sourceTree = "<absolute>"; };
		1058C7ADFEA557BF11CA2CBB /* Cocoa.framework */ = {isa = PBXFileReference; lastKnownFileType = wrapper.framework; name = Cocoa.framework; path = /System/Library/Frameworks/Cocoa.framework; sourceTree = "<absolute>"; };
		32DBCF630370AF2F00C91783 /* GenesisPlus_Prefix.pch */ = {isa = PBXFileReference; fileEncoding = 4; lastKnownFileType = sourcecode.c.h; path = GenesisPlus_Prefix.pch; sourceTree = "<group>"; };
		82287C08101E9C2C0072172D /* libz.dylib */ = {isa = PBXFileReference; lastKnownFileType = "compiled.mach-o.dylib"; name = libz.dylib; path = usr/lib/libz.dylib; sourceTree = SDKROOT; };
		82287C33101E9DB40072172D /* GenPlusGameCore.h */ = {isa = PBXFileReference; fileEncoding = 4; lastKnownFileType = sourcecode.c.h; path = GenPlusGameCore.h; sourceTree = "<group>"; };
		82287C34101E9DB40072172D /* GenPlusGameCore.m */ = {isa = PBXFileReference; fileEncoding = 4; lastKnownFileType = sourcecode.c.objc; path = GenPlusGameCore.m; sourceTree = "<group>"; };
		82287C35101E9DB40072172D /* GenPlusGameController.h */ = {isa = PBXFileReference; fileEncoding = 4; lastKnownFileType = sourcecode.c.h; path = GenPlusGameController.h; sourceTree = "<group>"; };
		82287C36101E9DB40072172D /* GenPlusGameController.m */ = {isa = PBXFileReference; fileEncoding = 4; lastKnownFileType = sourcecode.c.objc; path = GenPlusGameController.m; sourceTree = "<group>"; };
		82287C37101E9DB40072172D /* GenPlusPreferenceView.h */ = {isa = PBXFileReference; fileEncoding = 4; lastKnownFileType = sourcecode.c.h; path = GenPlusPreferenceView.h; sourceTree = "<group>"; };
		82287C38101E9DB40072172D /* GenPlusPreferenceView.m */ = {isa = PBXFileReference; fileEncoding = 4; lastKnownFileType = sourcecode.c.objc; path = GenPlusPreferenceView.m; sourceTree = "<group>"; };
		82287C47101E9F060072172D /* OpenEmu.xcodeproj */ = {isa = PBXFileReference; lastKnownFileType = "wrapper.pb-project"; name = OpenEmu.xcodeproj; path = ../OpenEmu/OpenEmu.xcodeproj; sourceTree = SOURCE_ROOT; };
		8230C7E510AFCB6200412F24 /* config.yaml */ = {isa = PBXFileReference; fileEncoding = 4; lastKnownFileType = text; path = config.yaml; sourceTree = "<group>"; };
		8230C81810AFCCB700412F24 /* dsa_pub.pem */ = {isa = PBXFileReference; fileEncoding = 4; lastKnownFileType = text; path = dsa_pub.pem; sourceTree = "<group>"; };
		825C7E44101FAB7F0072187B /* Carbon.framework */ = {isa = PBXFileReference; lastKnownFileType = wrapper.framework; name = Carbon.framework; path = System/Library/Frameworks/Carbon.framework; sourceTree = SDKROOT; };
		825C7FEF101FBAC20072187B /* ControlsPreference.xib */ = {isa = PBXFileReference; lastKnownFileType = file.xib; path = ControlsPreference.xib; sourceTree = "<group>"; };
		825C7FF1101FBAC90072187B /* gen6btn.png */ = {isa = PBXFileReference; lastKnownFileType = image.png; path = gen6btn.png; sourceTree = "<group>"; };
		8D5B49B6048680CD000E48DA /* GenesisPlus.oecoreplugin */ = {isa = PBXFileReference; explicitFileType = wrapper.cfbundle; includeInIndex = 0; path = GenesisPlus.oecoreplugin; sourceTree = BUILT_PRODUCTS_DIR; };
		8D5B49B7048680CD000E48DA /* Info.plist */ = {isa = PBXFileReference; fileEncoding = 4; lastKnownFileType = text.plist.xml; path = Info.plist; sourceTree = "<group>"; };
		B5229F05134B8DE700069646 /* areplay.c */ = {isa = PBXFileReference; fileEncoding = 4; lastKnownFileType = sourcecode.c.c; path = areplay.c; sourceTree = "<group>"; };
		B5229F06134B8DE700069646 /* areplay.h */ = {isa = PBXFileReference; fileEncoding = 4; lastKnownFileType = sourcecode.c.h; path = areplay.h; sourceTree = "<group>"; };
		B5229F07134B8DE700069646 /* eeprom.c */ = {isa = PBXFileReference; fileEncoding = 4; lastKnownFileType = sourcecode.c.c; path = eeprom.c; sourceTree = "<group>"; };
		B5229F08134B8DE700069646 /* eeprom.h */ = {isa = PBXFileReference; fileEncoding = 4; lastKnownFileType = sourcecode.c.h; path = eeprom.h; sourceTree = "<group>"; };
		B5229F09134B8DE700069646 /* ggenie.c */ = {isa = PBXFileReference; fileEncoding = 4; lastKnownFileType = sourcecode.c.c; path = ggenie.c; sourceTree = "<group>"; };
		B5229F0A134B8DE700069646 /* ggenie.h */ = {isa = PBXFileReference; fileEncoding = 4; lastKnownFileType = sourcecode.c.h; path = ggenie.h; sourceTree = "<group>"; };
		B5229F0B134B8DE700069646 /* md_cart.c */ = {isa = PBXFileReference; fileEncoding = 4; lastKnownFileType = sourcecode.c.c; path = md_cart.c; sourceTree = "<group>"; };
		B5229F0C134B8DE700069646 /* md_cart.h */ = {isa = PBXFileReference; fileEncoding = 4; lastKnownFileType = sourcecode.c.h; path = md_cart.h; sourceTree = "<group>"; };
		B5229F0D134B8DE700069646 /* sms_cart.c */ = {isa = PBXFileReference; fileEncoding = 4; lastKnownFileType = sourcecode.c.c; path = sms_cart.c; sourceTree = "<group>"; };
		B5229F0E134B8DE700069646 /* sms_cart.h */ = {isa = PBXFileReference; fileEncoding = 4; lastKnownFileType = sourcecode.c.h; path = sms_cart.h; sourceTree = "<group>"; };
		B5229F0F134B8DE700069646 /* sram.c */ = {isa = PBXFileReference; fileEncoding = 4; lastKnownFileType = sourcecode.c.c; path = sram.c; sourceTree = "<group>"; };
		B5229F10134B8DE700069646 /* sram.h */ = {isa = PBXFileReference; fileEncoding = 4; lastKnownFileType = sourcecode.c.h; path = sram.h; sourceTree = "<group>"; };
		B5229F12134B8DE700069646 /* imageformat.txt */ = {isa = PBXFileReference; fileEncoding = 4; lastKnownFileType = text; path = imageformat.txt; sourceTree = "<group>"; };
		B5229F13134B8DE700069646 /* ssp16.c */ = {isa = PBXFileReference; fileEncoding = 4; lastKnownFileType = sourcecode.c.c; path = ssp16.c; sourceTree = "<group>"; };
		B5229F14134B8DE700069646 /* ssp16.h */ = {isa = PBXFileReference; fileEncoding = 4; lastKnownFileType = sourcecode.c.h; path = ssp16.h; sourceTree = "<group>"; };
		B5229F15134B8DE700069646 /* svp.c */ = {isa = PBXFileReference; fileEncoding = 4; lastKnownFileType = sourcecode.c.c; path = svp.c; sourceTree = "<group>"; };
		B5229F16134B8DE700069646 /* svp.h */ = {isa = PBXFileReference; fileEncoding = 4; lastKnownFileType = sourcecode.c.h; path = svp.h; sourceTree = "<group>"; };
		B5229F17134B8DE700069646 /* svpdoc.txt */ = {isa = PBXFileReference; fileEncoding = 4; lastKnownFileType = text; path = svpdoc.txt; sourceTree = "<group>"; };
		B5229F18134B8DE700069646 /* genesis.c */ = {isa = PBXFileReference; fileEncoding = 4; lastKnownFileType = sourcecode.c.c; path = genesis.c; sourceTree = "<group>"; };
		B5229F19134B8DE700069646 /* genesis.h */ = {isa = PBXFileReference; fileEncoding = 4; lastKnownFileType = sourcecode.c.h; path = genesis.h; sourceTree = "<group>"; };
		B5229FAF134B8DE700069646 /* hvc.h */ = {isa = PBXFileReference; fileEncoding = 4; lastKnownFileType = sourcecode.c.h; path = hvc.h; sourceTree = "<group>"; };
		B5229FB1134B8DE700069646 /* activator.c */ = {isa = PBXFileReference; fileEncoding = 4; lastKnownFileType = sourcecode.c.c; path = activator.c; sourceTree = "<group>"; };
		B5229FB2134B8DE700069646 /* activator.h */ = {isa = PBXFileReference; fileEncoding = 4; lastKnownFileType = sourcecode.c.h; path = activator.h; sourceTree = "<group>"; };
		B5229FB3134B8DE700069646 /* gamepad.c */ = {isa = PBXFileReference; fileEncoding = 4; lastKnownFileType = sourcecode.c.c; path = gamepad.c; sourceTree = "<group>"; };
		B5229FB4134B8DE700069646 /* gamepad.h */ = {isa = PBXFileReference; fileEncoding = 4; lastKnownFileType = sourcecode.c.h; path = gamepad.h; sourceTree = "<group>"; };
		B5229FB5134B8DE700069646 /* input.c */ = {isa = PBXFileReference; fileEncoding = 4; lastKnownFileType = sourcecode.c.c; path = input.c; sourceTree = "<group>"; };
		B5229FB6134B8DE700069646 /* input.h */ = {isa = PBXFileReference; fileEncoding = 4; lastKnownFileType = sourcecode.c.h; path = input.h; sourceTree = "<group>"; };
		B5229FB7134B8DE700069646 /* lightgun.c */ = {isa = PBXFileReference; fileEncoding = 4; lastKnownFileType = sourcecode.c.c; path = lightgun.c; sourceTree = "<group>"; };
		B5229FB8134B8DE700069646 /* lightgun.h */ = {isa = PBXFileReference; fileEncoding = 4; lastKnownFileType = sourcecode.c.h; path = lightgun.h; sourceTree = "<group>"; };
		B5229FB9134B8DE700069646 /* mouse.c */ = {isa = PBXFileReference; fileEncoding = 4; lastKnownFileType = sourcecode.c.c; path = mouse.c; sourceTree = "<group>"; };
		B5229FBA134B8DE700069646 /* mouse.h */ = {isa = PBXFileReference; fileEncoding = 4; lastKnownFileType = sourcecode.c.h; path = mouse.h; sourceTree = "<group>"; };
		B5229FBB134B8DE700069646 /* paddle.c */ = {isa = PBXFileReference; fileEncoding = 4; lastKnownFileType = sourcecode.c.c; path = paddle.c; sourceTree = "<group>"; };
		B5229FBC134B8DE700069646 /* paddle.h */ = {isa = PBXFileReference; fileEncoding = 4; lastKnownFileType = sourcecode.c.h; path = paddle.h; sourceTree = "<group>"; };
		B5229FBD134B8DE700069646 /* sportspad.c */ = {isa = PBXFileReference; fileEncoding = 4; lastKnownFileType = sourcecode.c.c; path = sportspad.c; sourceTree = "<group>"; };
		B5229FBE134B8DE700069646 /* sportspad.h */ = {isa = PBXFileReference; fileEncoding = 4; lastKnownFileType = sourcecode.c.h; path = sportspad.h; sourceTree = "<group>"; };
		B5229FBF134B8DE700069646 /* teamplayer.c */ = {isa = PBXFileReference; fileEncoding = 4; lastKnownFileType = sourcecode.c.c; path = teamplayer.c; sourceTree = "<group>"; };
		B5229FC0134B8DE700069646 /* teamplayer.h */ = {isa = PBXFileReference; fileEncoding = 4; lastKnownFileType = sourcecode.c.h; path = teamplayer.h; sourceTree = "<group>"; };
		B5229FC1134B8DE700069646 /* xe_a1p.c */ = {isa = PBXFileReference; fileEncoding = 4; lastKnownFileType = sourcecode.c.c; path = xe_a1p.c; sourceTree = "<group>"; };
		B5229FC2134B8DE700069646 /* xe_a1p.h */ = {isa = PBXFileReference; fileEncoding = 4; lastKnownFileType = sourcecode.c.h; path = xe_a1p.h; sourceTree = "<group>"; };
		B5229FC3134B8DE700069646 /* io_ctrl.c */ = {isa = PBXFileReference; fileEncoding = 4; lastKnownFileType = sourcecode.c.c; path = io_ctrl.c; sourceTree = "<group>"; };
		B5229FC4134B8DE700069646 /* io_ctrl.h */ = {isa = PBXFileReference; fileEncoding = 4; lastKnownFileType = sourcecode.c.h; path = io_ctrl.h; sourceTree = "<group>"; };
		B5229FC5134B8DE700069646 /* loadrom.c */ = {isa = PBXFileReference; fileEncoding = 4; lastKnownFileType = sourcecode.c.c; path = loadrom.c; sourceTree = "<group>"; };
		B5229FC6134B8DE700069646 /* loadrom.h */ = {isa = PBXFileReference; fileEncoding = 4; lastKnownFileType = sourcecode.c.h; path = loadrom.h; sourceTree = "<group>"; };
		B5229FC8134B8DE700069646 /* m68k.h */ = {isa = PBXFileReference; fileEncoding = 4; lastKnownFileType = sourcecode.c.h; path = m68k.h; sourceTree = "<group>"; };
		B5229FC9134B8DE700069646 /* m68kconf.h */ = {isa = PBXFileReference; fileEncoding = 4; lastKnownFileType = sourcecode.c.h; path = m68kconf.h; sourceTree = "<group>"; };
		B5229FCA134B8DE700069646 /* m68kcpu.c */ = {isa = PBXFileReference; fileEncoding = 4; lastKnownFileType = sourcecode.c.c; path = m68kcpu.c; sourceTree = "<group>"; };
		B5229FCB134B8DE700069646 /* m68kcpu.h */ = {isa = PBXFileReference; fileEncoding = 4; lastKnownFileType = sourcecode.c.h; path = m68kcpu.h; sourceTree = "<group>"; };
		B5229FCC134B8DE700069646 /* m68kCycleAccurate.h */ = {isa = PBXFileReference; fileEncoding = 4; lastKnownFileType = sourcecode.c.h; path = m68kCycleAccurate.h; sourceTree = "<group>"; };
		B5229FCD134B8DE700069646 /* m68kops.c */ = {isa = PBXFileReference; fileEncoding = 4; lastKnownFileType = sourcecode.c.c; path = m68kops.c; sourceTree = "<group>"; };
		B5229FCE134B8DE700069646 /* m68kops.h */ = {isa = PBXFileReference; fileEncoding = 4; lastKnownFileType = sourcecode.c.h; path = m68kops.h; sourceTree = "<group>"; };
		B5229FCF134B8DE700069646 /* readme.txt */ = {isa = PBXFileReference; fileEncoding = 4; lastKnownFileType = text; path = readme.txt; sourceTree = "<group>"; };
		B5229FD0134B8DE700069646 /* macros.h */ = {isa = PBXFileReference; fileEncoding = 4; lastKnownFileType = sourcecode.c.h; path = macros.h; sourceTree = "<group>"; };
		B5229FD1134B8DE700069646 /* mem68k.c */ = {isa = PBXFileReference; fileEncoding = 4; lastKnownFileType = sourcecode.c.c; path = mem68k.c; sourceTree = "<group>"; };
		B5229FD2134B8DE700069646 /* mem68k.h */ = {isa = PBXFileReference; fileEncoding = 4; lastKnownFileType = sourcecode.c.h; path = mem68k.h; sourceTree = "<group>"; };
		B5229FD3134B8DE700069646 /* membnk.c */ = {isa = PBXFileReference; fileEncoding = 4; lastKnownFileType = sourcecode.c.c; path = membnk.c; sourceTree = "<group>"; };
		B5229FD4134B8DE700069646 /* membnk.h */ = {isa = PBXFileReference; fileEncoding = 4; lastKnownFileType = sourcecode.c.h; path = membnk.h; sourceTree = "<group>"; };
		B5229FD5134B8DE700069646 /* memz80.c */ = {isa = PBXFileReference; fileEncoding = 4; lastKnownFileType = sourcecode.c.c; path = memz80.c; sourceTree = "<group>"; };
		B5229FD6134B8DE700069646 /* memz80.h */ = {isa = PBXFileReference; fileEncoding = 4; lastKnownFileType = sourcecode.c.h; path = memz80.h; sourceTree = "<group>"; };
		B5229FD8134B8DE700069646 /* changes.txt */ = {isa = PBXFileReference; fileEncoding = 4; lastKnownFileType = text; path = changes.txt; sourceTree = "<group>"; };
		B5229FD9134B8DE700069646 /* license.txt */ = {isa = PBXFileReference; fileEncoding = 4; lastKnownFileType = text; path = license.txt; sourceTree = "<group>"; };
		B5229FDA134B8DE700069646 /* md_ntsc.c */ = {isa = PBXFileReference; fileEncoding = 4; lastKnownFileType = sourcecode.c.c; path = md_ntsc.c; sourceTree = "<group>"; };
		B5229FDB134B8DE700069646 /* md_ntsc.h */ = {isa = PBXFileReference; fileEncoding = 4; lastKnownFileType = sourcecode.c.h; path = md_ntsc.h; sourceTree = "<group>"; };
		B5229FDC134B8DE700069646 /* md_ntsc_config.h */ = {isa = PBXFileReference; fileEncoding = 4; lastKnownFileType = sourcecode.c.h; path = md_ntsc_config.h; sourceTree = "<group>"; };
		B5229FDD134B8DE700069646 /* md_ntsc_impl.h */ = {isa = PBXFileReference; fileEncoding = 4; lastKnownFileType = sourcecode.c.h; path = md_ntsc_impl.h; sourceTree = "<group>"; };
		B5229FDE134B8DE700069646 /* readme.txt */ = {isa = PBXFileReference; fileEncoding = 4; lastKnownFileType = text; path = readme.txt; sourceTree = "<group>"; };
		B5229FDF134B8DE700069646 /* sms_ntsc.c */ = {isa = PBXFileReference; fileEncoding = 4; lastKnownFileType = sourcecode.c.c; path = sms_ntsc.c; sourceTree = "<group>"; };
		B5229FE0134B8DE700069646 /* sms_ntsc.h */ = {isa = PBXFileReference; fileEncoding = 4; lastKnownFileType = sourcecode.c.h; path = sms_ntsc.h; sourceTree = "<group>"; };
		B5229FE1134B8DE700069646 /* sms_ntsc.txt */ = {isa = PBXFileReference; fileEncoding = 4; lastKnownFileType = text; path = sms_ntsc.txt; sourceTree = "<group>"; };
		B5229FE2134B8DE700069646 /* sms_ntsc_config.h */ = {isa = PBXFileReference; fileEncoding = 4; lastKnownFileType = sourcecode.c.h; path = sms_ntsc_config.h; sourceTree = "<group>"; };
		B5229FE3134B8DE700069646 /* sms_ntsc_impl.h */ = {isa = PBXFileReference; fileEncoding = 4; lastKnownFileType = sourcecode.c.h; path = sms_ntsc_impl.h; sourceTree = "<group>"; };
		B5229FE4134B8DE700069646 /* shared.h */ = {isa = PBXFileReference; fileEncoding = 4; lastKnownFileType = sourcecode.c.h; path = shared.h; sourceTree = "<group>"; };
		B5229FE6134B8DE700069646 /* blip.c */ = {isa = PBXFileReference; fileEncoding = 4; lastKnownFileType = sourcecode.c.c; path = blip.c; sourceTree = "<group>"; };
		B5229FE7134B8DE700069646 /* blip.h */ = {isa = PBXFileReference; fileEncoding = 4; lastKnownFileType = sourcecode.c.h; path = blip.h; sourceTree = "<group>"; };
		B5229FE8134B8DE700069646 /* eq.c */ = {isa = PBXFileReference; fileEncoding = 4; lastKnownFileType = sourcecode.c.c; path = eq.c; sourceTree = "<group>"; };
		B5229FE9134B8DE700069646 /* eq.h */ = {isa = PBXFileReference; fileEncoding = 4; lastKnownFileType = sourcecode.c.h; path = eq.h; sourceTree = "<group>"; };
		B5229FEA134B8DE700069646 /* Fir_Resampler.c */ = {isa = PBXFileReference; fileEncoding = 4; lastKnownFileType = sourcecode.c.c; path = Fir_Resampler.c; sourceTree = "<group>"; };
		B5229FEB134B8DE700069646 /* Fir_Resampler.h */ = {isa = PBXFileReference; fileEncoding = 4; lastKnownFileType = sourcecode.c.h; path = Fir_Resampler.h; sourceTree = "<group>"; };
		B5229FEC134B8DE700069646 /* sn76489.c */ = {isa = PBXFileReference; fileEncoding = 4; lastKnownFileType = sourcecode.c.c; path = sn76489.c; sourceTree = "<group>"; };
		B5229FED134B8DE700069646 /* sn76489.h */ = {isa = PBXFileReference; fileEncoding = 4; lastKnownFileType = sourcecode.c.h; path = sn76489.h; sourceTree = "<group>"; };
		B5229FEE134B8DE700069646 /* sound.c */ = {isa = PBXFileReference; fileEncoding = 4; lastKnownFileType = sourcecode.c.c; path = sound.c; sourceTree = "<group>"; };
		B5229FEF134B8DE700069646 /* sound.h */ = {isa = PBXFileReference; fileEncoding = 4; lastKnownFileType = sourcecode.c.h; path = sound.h; sourceTree = "<group>"; };
		B5229FF0134B8DE700069646 /* ym2612.c */ = {isa = PBXFileReference; fileEncoding = 4; lastKnownFileType = sourcecode.c.c; path = ym2612.c; sourceTree = "<group>"; };
		B5229FF1134B8DE700069646 /* ym2612.h */ = {isa = PBXFileReference; fileEncoding = 4; lastKnownFileType = sourcecode.c.h; path = ym2612.h; sourceTree = "<group>"; };
		B5229FF2134B8DE700069646 /* state.c */ = {isa = PBXFileReference; fileEncoding = 4; lastKnownFileType = sourcecode.c.c; path = state.c; sourceTree = "<group>"; };
		B5229FF3134B8DE700069646 /* state.h */ = {isa = PBXFileReference; fileEncoding = 4; lastKnownFileType = sourcecode.c.h; path = state.h; sourceTree = "<group>"; };
		B5229FF4134B8DE700069646 /* system.c */ = {isa = PBXFileReference; fileEncoding = 4; lastKnownFileType = sourcecode.c.c; path = system.c; sourceTree = "<group>"; };
		B5229FF5134B8DE700069646 /* system.h */ = {isa = PBXFileReference; fileEncoding = 4; lastKnownFileType = sourcecode.c.h; path = system.h; sourceTree = "<group>"; };
		B5229FF6134B8DE700069646 /* types.h */ = {isa = PBXFileReference; fileEncoding = 4; lastKnownFileType = sourcecode.c.h; path = types.h; sourceTree = "<group>"; };
		B522A01B134B8DE700069646 /* vdp_ctrl.c */ = {isa = PBXFileReference; fileEncoding = 4; lastKnownFileType = sourcecode.c.c; path = vdp_ctrl.c; sourceTree = "<group>"; };
		B522A01C134B8DE700069646 /* vdp_ctrl.h */ = {isa = PBXFileReference; fileEncoding = 4; lastKnownFileType = sourcecode.c.h; path = vdp_ctrl.h; sourceTree = "<group>"; };
		B522A01D134B8DE700069646 /* vdp_render.c */ = {isa = PBXFileReference; fileEncoding = 4; lastKnownFileType = sourcecode.c.c; path = vdp_render.c; sourceTree = "<group>"; };
		B522A01E134B8DE700069646 /* vdp_render.h */ = {isa = PBXFileReference; fileEncoding = 4; lastKnownFileType = sourcecode.c.h; path = vdp_render.h; sourceTree = "<group>"; };
		B522A020134B8DE700069646 /* osd_cpu.h */ = {isa = PBXFileReference; fileEncoding = 4; lastKnownFileType = sourcecode.c.h; path = osd_cpu.h; sourceTree = "<group>"; };
		B522A021134B8DE700069646 /* z80.c */ = {isa = PBXFileReference; fileEncoding = 4; lastKnownFileType = sourcecode.c.c; path = z80.c; sourceTree = "<group>"; };
		B522A022134B8DE700069646 /* z80.h */ = {isa = PBXFileReference; fileEncoding = 4; lastKnownFileType = sourcecode.c.h; path = z80.h; sourceTree = "<group>"; };
		B5BC026012F34EA6009D0D80 /* config.c */ = {isa = PBXFileReference; fileEncoding = 4; lastKnownFileType = sourcecode.c.c; name = config.c; path = openemu/config.c; sourceTree = "<group>"; };
		B5BC026112F34EA6009D0D80 /* config.h */ = {isa = PBXFileReference; fileEncoding = 4; lastKnownFileType = sourcecode.c.h; name = config.h; path = openemu/config.h; sourceTree = "<group>"; };
		B5BC026212F34EA6009D0D80 /* error.c */ = {isa = PBXFileReference; fileEncoding = 4; lastKnownFileType = sourcecode.c.c; name = error.c; path = openemu/error.c; sourceTree = "<group>"; };
		B5BC026312F34EA6009D0D80 /* error.h */ = {isa = PBXFileReference; fileEncoding = 4; lastKnownFileType = sourcecode.c.h; name = error.h; path = openemu/error.h; sourceTree = "<group>"; };
		B5BC026412F34EA6009D0D80 /* fileio.c */ = {isa = PBXFileReference; fileEncoding = 4; lastKnownFileType = sourcecode.c.c; name = fileio.c; path = openemu/fileio.c; sourceTree = "<group>"; };
		B5BC026512F34EA6009D0D80 /* fileio.h */ = {isa = PBXFileReference; fileEncoding = 4; lastKnownFileType = sourcecode.c.h; name = fileio.h; path = openemu/fileio.h; sourceTree = "<group>"; };
		B5BC026612F34EA6009D0D80 /* osd.h */ = {isa = PBXFileReference; fileEncoding = 4; lastKnownFileType = sourcecode.c.h; name = osd.h; path = openemu/osd.h; sourceTree = "<group>"; };
		B5BC026712F34EA6009D0D80 /* unzip.c */ = {isa = PBXFileReference; fileEncoding = 4; lastKnownFileType = sourcecode.c.c; name = unzip.c; path = openemu/unzip.c; sourceTree = "<group>"; };
		B5BC026812F34EA6009D0D80 /* unzip.h */ = {isa = PBXFileReference; fileEncoding = 4; lastKnownFileType = sourcecode.c.h; name = unzip.h; path = openemu/unzip.h; sourceTree = "<group>"; };
		D2F7E65807B2D6F200F64583 /* CoreData.framework */ = {isa = PBXFileReference; lastKnownFileType = wrapper.framework; name = CoreData.framework; path = /System/Library/Frameworks/CoreData.framework; sourceTree = "<absolute>"; };
/* End PBXFileReference section */

/* Begin PBXFrameworksBuildPhase section */
		8D5B49B3048680CD000E48DA /* Frameworks */ = {
			isa = PBXFrameworksBuildPhase;
			buildActionMask = 2147483647;
			files = (
				8D5B49B4048680CD000E48DA /* Cocoa.framework in Frameworks */,
				82287C09101E9C2C0072172D /* libz.dylib in Frameworks */,
				82287C57101E9F090072172D /* OpenEmuBase.framework in Frameworks */,
			);
			runOnlyForDeploymentPostprocessing = 0;
		};
/* End PBXFrameworksBuildPhase section */

/* Begin PBXGroup section */
		089C166AFE841209C02AAC07 /* GenesisPlus */ = {
			isa = PBXGroup;
			children = (
				82287C47101E9F060072172D /* OpenEmu.xcodeproj */,
				08FB77AFFE84173DC02AAC07 /* Classes */,
				32C88E010371C26100C91783 /* Other Sources */,
				089C167CFE841241C02AAC07 /* Resources */,
				089C1671FE841209C02AAC07 /* Frameworks and Libraries */,
				19C28FB8FE9D52D311CA2CBB /* Products */,
				825C7E44101FAB7F0072187B /* Carbon.framework */,
			);
			name = GenesisPlus;
			sourceTree = "<group>";
		};
		089C1671FE841209C02AAC07 /* Frameworks and Libraries */ = {
			isa = PBXGroup;
			children = (
				82287C08101E9C2C0072172D /* libz.dylib */,
				1058C7ACFEA557BF11CA2CBB /* Linked Frameworks */,
				1058C7AEFEA557BF11CA2CBB /* Other Frameworks */,
			);
			name = "Frameworks and Libraries";
			sourceTree = "<group>";
		};
		089C167CFE841241C02AAC07 /* Resources */ = {
			isa = PBXGroup;
			children = (
				8230C81810AFCCB700412F24 /* dsa_pub.pem */,
				8230C7E510AFCB6200412F24 /* config.yaml */,
				825C7FF1101FBAC90072187B /* gen6btn.png */,
				825C7FEF101FBAC20072187B /* ControlsPreference.xib */,
				8D5B49B7048680CD000E48DA /* Info.plist */,
				089C167DFE841241C02AAC07 /* InfoPlist.strings */,
			);
			name = Resources;
			sourceTree = "<group>";
		};
		08FB77AFFE84173DC02AAC07 /* Classes */ = {
			isa = PBXGroup;
			children = (
				B5229F03134B8DE700069646 /* genplusgx_source */,
				B5BC025F12F34E91009D0D80 /* openemu */,
				82287C35101E9DB40072172D /* GenPlusGameController.h */,
				82287C36101E9DB40072172D /* GenPlusGameController.m */,
				82287C33101E9DB40072172D /* GenPlusGameCore.h */,
				82287C34101E9DB40072172D /* GenPlusGameCore.m */,
				82287C37101E9DB40072172D /* GenPlusPreferenceView.h */,
				82287C38101E9DB40072172D /* GenPlusPreferenceView.m */,
			);
			name = Classes;
			sourceTree = "<group>";
		};
		1058C7ACFEA557BF11CA2CBB /* Linked Frameworks */ = {
			isa = PBXGroup;
			children = (
				1058C7ADFEA557BF11CA2CBB /* Cocoa.framework */,
			);
			name = "Linked Frameworks";
			sourceTree = "<group>";
		};
		1058C7AEFEA557BF11CA2CBB /* Other Frameworks */ = {
			isa = PBXGroup;
			children = (
				089C167FFE841241C02AAC07 /* AppKit.framework */,
				D2F7E65807B2D6F200F64583 /* CoreData.framework */,
				089C1672FE841209C02AAC07 /* Foundation.framework */,
			);
			name = "Other Frameworks";
			sourceTree = "<group>";
		};
		19C28FB8FE9D52D311CA2CBB /* Products */ = {
			isa = PBXGroup;
			children = (
				8D5B49B6048680CD000E48DA /* GenesisPlus.oecoreplugin */,
			);
			name = Products;
			sourceTree = "<group>";
		};
		32C88E010371C26100C91783 /* Other Sources */ = {
			isa = PBXGroup;
			children = (
				32DBCF630370AF2F00C91783 /* GenesisPlus_Prefix.pch */,
			);
			name = "Other Sources";
			sourceTree = "<group>";
		};
		82287C48101E9F060072172D /* Products */ = {
			isa = PBXGroup;
			children = (
				82287C52101E9F060072172D /* OpenEmu.app */,
				C62A25B2116F07940003DEE4 /* OpenEmuHelperApp */,
				C62A25B0116F07940003DEE4 /* OpenEmuDebugHelperAppApp.app */,
				82287C54101E9F060072172D /* OpenEmuQC.plugin */,
				82287C56101E9F060072172D /* OpenEmuBase.framework */,
				3783946E102922A200168304 /* OESaveStateQLPlugin.qlgenerator */,
			);
			name = Products;
			sourceTree = "<group>";
		};
		B5229F03134B8DE700069646 /* genplusgx_source */ = {
			isa = PBXGroup;
			children = (
				B5229F04134B8DE700069646 /* cart_hw */,
				B5229F18134B8DE700069646 /* genesis.c */,
				B5229F19134B8DE700069646 /* genesis.h */,
				B5229FAF134B8DE700069646 /* hvc.h */,
				B5229FB0134B8DE700069646 /* input_hw */,
				B5229FC3134B8DE700069646 /* io_ctrl.c */,
				B5229FC4134B8DE700069646 /* io_ctrl.h */,
				B5229FC5134B8DE700069646 /* loadrom.c */,
				B5229FC6134B8DE700069646 /* loadrom.h */,
				B5229FC7134B8DE700069646 /* m68k */,
				B5229FD0134B8DE700069646 /* macros.h */,
				B5229FD1134B8DE700069646 /* mem68k.c */,
				B5229FD2134B8DE700069646 /* mem68k.h */,
				B5229FD3134B8DE700069646 /* membnk.c */,
				B5229FD4134B8DE700069646 /* membnk.h */,
				B5229FD5134B8DE700069646 /* memz80.c */,
				B5229FD6134B8DE700069646 /* memz80.h */,
				B5229FD7134B8DE700069646 /* ntsc */,
				B5229FE4134B8DE700069646 /* shared.h */,
				B5229FE5134B8DE700069646 /* sound */,
				B5229FF2134B8DE700069646 /* state.c */,
				B5229FF3134B8DE700069646 /* state.h */,
				B5229FF4134B8DE700069646 /* system.c */,
				B5229FF5134B8DE700069646 /* system.h */,
				B5229FF6134B8DE700069646 /* types.h */,
				B522A01B134B8DE700069646 /* vdp_ctrl.c */,
				B522A01C134B8DE700069646 /* vdp_ctrl.h */,
				B522A01D134B8DE700069646 /* vdp_render.c */,
				B522A01E134B8DE700069646 /* vdp_render.h */,
				B522A01F134B8DE700069646 /* z80 */,
			);
			path = genplusgx_source;
			sourceTree = "<group>";
		};
		B5229F04134B8DE700069646 /* cart_hw */ = {
			isa = PBXGroup;
			children = (
				B5229F05134B8DE700069646 /* areplay.c */,
				B5229F06134B8DE700069646 /* areplay.h */,
				B5229F07134B8DE700069646 /* eeprom.c */,
				B5229F08134B8DE700069646 /* eeprom.h */,
				B5229F09134B8DE700069646 /* ggenie.c */,
				B5229F0A134B8DE700069646 /* ggenie.h */,
				B5229F0B134B8DE700069646 /* md_cart.c */,
				B5229F0C134B8DE700069646 /* md_cart.h */,
				B5229F0D134B8DE700069646 /* sms_cart.c */,
				B5229F0E134B8DE700069646 /* sms_cart.h */,
				B5229F0F134B8DE700069646 /* sram.c */,
				B5229F10134B8DE700069646 /* sram.h */,
				B5229F11134B8DE700069646 /* svp */,
			);
			path = cart_hw;
			sourceTree = "<group>";
		};
		B5229F11134B8DE700069646 /* svp */ = {
			isa = PBXGroup;
			children = (
				B5229F12134B8DE700069646 /* imageformat.txt */,
				B5229F13134B8DE700069646 /* ssp16.c */,
				B5229F14134B8DE700069646 /* ssp16.h */,
				B5229F15134B8DE700069646 /* svp.c */,
				B5229F16134B8DE700069646 /* svp.h */,
				B5229F17134B8DE700069646 /* svpdoc.txt */,
			);
			path = svp;
			sourceTree = "<group>";
		};
		B5229FB0134B8DE700069646 /* input_hw */ = {
			isa = PBXGroup;
			children = (
				B5229FB1134B8DE700069646 /* activator.c */,
				B5229FB2134B8DE700069646 /* activator.h */,
				B5229FB3134B8DE700069646 /* gamepad.c */,
				B5229FB4134B8DE700069646 /* gamepad.h */,
				B5229FB5134B8DE700069646 /* input.c */,
				B5229FB6134B8DE700069646 /* input.h */,
				B5229FB7134B8DE700069646 /* lightgun.c */,
				B5229FB8134B8DE700069646 /* lightgun.h */,
				B5229FB9134B8DE700069646 /* mouse.c */,
				B5229FBA134B8DE700069646 /* mouse.h */,
				B5229FBB134B8DE700069646 /* paddle.c */,
				B5229FBC134B8DE700069646 /* paddle.h */,
				B5229FBD134B8DE700069646 /* sportspad.c */,
				B5229FBE134B8DE700069646 /* sportspad.h */,
				B5229FBF134B8DE700069646 /* teamplayer.c */,
				B5229FC0134B8DE700069646 /* teamplayer.h */,
				B5229FC1134B8DE700069646 /* xe_a1p.c */,
				B5229FC2134B8DE700069646 /* xe_a1p.h */,
			);
			path = input_hw;
			sourceTree = "<group>";
		};
		B5229FC7134B8DE700069646 /* m68k */ = {
			isa = PBXGroup;
			children = (
				B5229FC8134B8DE700069646 /* m68k.h */,
				B5229FC9134B8DE700069646 /* m68kconf.h */,
				B5229FCA134B8DE700069646 /* m68kcpu.c */,
				B5229FCB134B8DE700069646 /* m68kcpu.h */,
				B5229FCC134B8DE700069646 /* m68kCycleAccurate.h */,
				B5229FCD134B8DE700069646 /* m68kops.c */,
				B5229FCE134B8DE700069646 /* m68kops.h */,
				B5229FCF134B8DE700069646 /* readme.txt */,
			);
			path = m68k;
			sourceTree = "<group>";
		};
		B5229FD7134B8DE700069646 /* ntsc */ = {
			isa = PBXGroup;
			children = (
				B5229FD8134B8DE700069646 /* changes.txt */,
				B5229FD9134B8DE700069646 /* license.txt */,
				B5229FDA134B8DE700069646 /* md_ntsc.c */,
				B5229FDB134B8DE700069646 /* md_ntsc.h */,
				B5229FDC134B8DE700069646 /* md_ntsc_config.h */,
				B5229FDD134B8DE700069646 /* md_ntsc_impl.h */,
				B5229FDE134B8DE700069646 /* readme.txt */,
				B5229FDF134B8DE700069646 /* sms_ntsc.c */,
				B5229FE0134B8DE700069646 /* sms_ntsc.h */,
				B5229FE1134B8DE700069646 /* sms_ntsc.txt */,
				B5229FE2134B8DE700069646 /* sms_ntsc_config.h */,
				B5229FE3134B8DE700069646 /* sms_ntsc_impl.h */,
			);
			path = ntsc;
			sourceTree = "<group>";
		};
		B5229FE5134B8DE700069646 /* sound */ = {
			isa = PBXGroup;
			children = (
				B5229FE6134B8DE700069646 /* blip.c */,
				B5229FE7134B8DE700069646 /* blip.h */,
				B5229FE8134B8DE700069646 /* eq.c */,
				B5229FE9134B8DE700069646 /* eq.h */,
				B5229FEA134B8DE700069646 /* Fir_Resampler.c */,
				B5229FEB134B8DE700069646 /* Fir_Resampler.h */,
				B5229FEC134B8DE700069646 /* sn76489.c */,
				B5229FED134B8DE700069646 /* sn76489.h */,
				B5229FEE134B8DE700069646 /* sound.c */,
				B5229FEF134B8DE700069646 /* sound.h */,
				B5229FF0134B8DE700069646 /* ym2612.c */,
				B5229FF1134B8DE700069646 /* ym2612.h */,
			);
			path = sound;
			sourceTree = "<group>";
		};
		B522A01F134B8DE700069646 /* z80 */ = {
			isa = PBXGroup;
			children = (
				B522A020134B8DE700069646 /* osd_cpu.h */,
				B522A021134B8DE700069646 /* z80.c */,
				B522A022134B8DE700069646 /* z80.h */,
			);
			path = z80;
			sourceTree = "<group>";
		};
		B5BC025F12F34E91009D0D80 /* openemu */ = {
			isa = PBXGroup;
			children = (
				B5BC026012F34EA6009D0D80 /* config.c */,
				B5BC026112F34EA6009D0D80 /* config.h */,
				B5BC026212F34EA6009D0D80 /* error.c */,
				B5BC026312F34EA6009D0D80 /* error.h */,
				B5BC026412F34EA6009D0D80 /* fileio.c */,
				B5BC026512F34EA6009D0D80 /* fileio.h */,
				B5BC026612F34EA6009D0D80 /* osd.h */,
				B5BC026712F34EA6009D0D80 /* unzip.c */,
				B5BC026812F34EA6009D0D80 /* unzip.h */,
			);
			name = openemu;
			sourceTree = "<group>";
		};
/* End PBXGroup section */

/* Begin PBXNativeTarget section */
		8D5B49AC048680CD000E48DA /* GenesisPlus */ = {
			isa = PBXNativeTarget;
			buildConfigurationList = 1DEB913A08733D840010E9CD /* Build configuration list for PBXNativeTarget "GenesisPlus" */;
			buildPhases = (
				8D5B49AF048680CD000E48DA /* Resources */,
				8D5B49B1048680CD000E48DA /* Sources */,
				8D5B49B3048680CD000E48DA /* Frameworks */,
			);
			buildRules = (
			);
			dependencies = (
				82287C97101EA0560072172D /* PBXTargetDependency */,
			);
			name = GenesisPlus;
			productInstallPath = "$(HOME)/Library/Bundles";
			productName = GenesisPlus;
			productReference = 8D5B49B6048680CD000E48DA /* GenesisPlus.oecoreplugin */;
			productType = "com.apple.product-type.bundle";
		};
/* End PBXNativeTarget section */

/* Begin PBXProject section */
		089C1669FE841209C02AAC07 /* Project object */ = {
			isa = PBXProject;
			attributes = {
				BuildIndependentTargetsInParallel = YES;
			};
			buildConfigurationList = 1DEB913E08733D840010E9CD /* Build configuration list for PBXProject "GenesisPlus" */;
			compatibilityVersion = "Xcode 3.2";
			developmentRegion = English;
			hasScannedForEncodings = 1;
			knownRegions = (
				en,
			);
			mainGroup = 089C166AFE841209C02AAC07 /* GenesisPlus */;
			projectDirPath = "";
			projectReferences = (
				{
					ProductGroup = 82287C48101E9F060072172D /* Products */;
					ProjectRef = 82287C47101E9F060072172D /* OpenEmu.xcodeproj */;
				},
			);
			projectRoot = "";
			targets = (
				8D5B49AC048680CD000E48DA /* GenesisPlus */,
				822C193F101EA4AF0034119F /* Build & Install */,
				8230C7D110AFCB0600412F24 /* Distribution */,
			);
		};
/* End PBXProject section */

/* Begin PBXReferenceProxy section */
		3783946E102922A200168304 /* OESaveStateQLPlugin.qlgenerator */ = {
			isa = PBXReferenceProxy;
			fileType = wrapper.cfbundle;
			path = OESaveStateQLPlugin.qlgenerator;
			remoteRef = 3783946D102922A200168304 /* PBXContainerItemProxy */;
			sourceTree = BUILT_PRODUCTS_DIR;
		};
		82287C52101E9F060072172D /* OpenEmu.app */ = {
			isa = PBXReferenceProxy;
			fileType = wrapper.application;
			path = OpenEmu.app;
			remoteRef = 82287C51101E9F060072172D /* PBXContainerItemProxy */;
			sourceTree = BUILT_PRODUCTS_DIR;
		};
		82287C54101E9F060072172D /* OpenEmuQC.plugin */ = {
			isa = PBXReferenceProxy;
			fileType = wrapper.cfbundle;
			path = OpenEmuQC.plugin;
			remoteRef = 82287C53101E9F060072172D /* PBXContainerItemProxy */;
			sourceTree = BUILT_PRODUCTS_DIR;
		};
		82287C56101E9F060072172D /* OpenEmuBase.framework */ = {
			isa = PBXReferenceProxy;
			fileType = wrapper.framework;
			path = OpenEmuBase.framework;
			remoteRef = 82287C55101E9F060072172D /* PBXContainerItemProxy */;
			sourceTree = BUILT_PRODUCTS_DIR;
		};
		C62A25B0116F07940003DEE4 /* OpenEmuDebugHelperAppApp.app */ = {
			isa = PBXReferenceProxy;
			fileType = wrapper.application;
			path = OpenEmuDebugHelperAppApp.app;
			remoteRef = C62A25AF116F07940003DEE4 /* PBXContainerItemProxy */;
			sourceTree = BUILT_PRODUCTS_DIR;
		};
		C62A25B2116F07940003DEE4 /* OpenEmuHelperApp */ = {
			isa = PBXReferenceProxy;
			fileType = "compiled.mach-o.executable";
			path = OpenEmuHelperApp;
			remoteRef = C62A25B1116F07940003DEE4 /* PBXContainerItemProxy */;
			sourceTree = BUILT_PRODUCTS_DIR;
		};
/* End PBXReferenceProxy section */

/* Begin PBXResourcesBuildPhase section */
		8D5B49AF048680CD000E48DA /* Resources */ = {
			isa = PBXResourcesBuildPhase;
			buildActionMask = 2147483647;
			files = (
				8D5B49B0048680CD000E48DA /* InfoPlist.strings in Resources */,
				825C7FF0101FBAC20072187B /* ControlsPreference.xib in Resources */,
				825C7FF2101FBAC90072187B /* gen6btn.png in Resources */,
				8230C81910AFCCB700412F24 /* dsa_pub.pem in Resources */,
				B522A029134B8DE700069646 /* imageformat.txt in Resources */,
				B522A02C134B8DE700069646 /* svpdoc.txt in Resources */,
				B522A0B8134B8DE700069646 /* readme.txt in Resources */,
				B522A0BC134B8DE700069646 /* changes.txt in Resources */,
				B522A0BD134B8DE700069646 /* license.txt in Resources */,
				B522A0BF134B8DE700069646 /* readme.txt in Resources */,
				B522A0C1134B8DE700069646 /* sms_ntsc.txt in Resources */,
			);
			runOnlyForDeploymentPostprocessing = 0;
		};
/* End PBXResourcesBuildPhase section */

/* Begin PBXShellScriptBuildPhase section */
		822C193E101EA4AF0034119F /* ShellScript */ = {
			isa = PBXShellScriptBuildPhase;
			buildActionMask = 2147483647;
			files = (
			);
			inputPaths = (
			);
			outputPaths = (
			);
			runOnlyForDeploymentPostprocessing = 0;
			shellPath = /bin/sh;
			shellScript = "mkdir -p \"/Library/Application Support/OpenEmu/Cores\"\nrm -rf \"/Library/Application Support/OpenEmu/Cores/$PROJECT_NAME.oecoreplugin\"\ncp -rf \"$BUILT_PRODUCTS_DIR/$PROJECT_NAME.oecoreplugin\"{,.dSYM} \"/Library/Application Support/OpenEmu/Cores/\"\n";
		};
		8230C7D010AFCB0600412F24 /* ShellScript */ = {
			isa = PBXShellScriptBuildPhase;
			buildActionMask = 2147483647;
			files = (
			);
			inputPaths = (
			);
			outputPaths = (
			);
			runOnlyForDeploymentPostprocessing = 0;
			shellPath = /bin/sh;
			shellScript = /usr/bin/openemu_rb_automation.rb;
		};
/* End PBXShellScriptBuildPhase section */

/* Begin PBXSourcesBuildPhase section */
		8D5B49B1048680CD000E48DA /* Sources */ = {
			isa = PBXSourcesBuildPhase;
			buildActionMask = 2147483647;
			files = (
				82287C39101E9DB40072172D /* GenPlusGameCore.m in Sources */,
				82287C3A101E9DB40072172D /* GenPlusGameController.m in Sources */,
				82287C3B101E9DB40072172D /* GenPlusPreferenceView.m in Sources */,
				B5BC026912F34EA6009D0D80 /* config.c in Sources */,
				B5BC026A12F34EA6009D0D80 /* error.c in Sources */,
				B5BC026B12F34EA6009D0D80 /* fileio.c in Sources */,
				B5BC026C12F34EA6009D0D80 /* unzip.c in Sources */,
				B522A023134B8DE700069646 /* areplay.c in Sources */,
				B522A024134B8DE700069646 /* eeprom.c in Sources */,
				B522A025134B8DE700069646 /* ggenie.c in Sources */,
				B522A026134B8DE700069646 /* md_cart.c in Sources */,
				B522A027134B8DE700069646 /* sms_cart.c in Sources */,
				B522A028134B8DE700069646 /* sram.c in Sources */,
				B522A02A134B8DE700069646 /* ssp16.c in Sources */,
				B522A02B134B8DE700069646 /* svp.c in Sources */,
				B522A02D134B8DE700069646 /* genesis.c in Sources */,
				B522A0AB134B8DE700069646 /* activator.c in Sources */,
				B522A0AC134B8DE700069646 /* gamepad.c in Sources */,
				B522A0AD134B8DE700069646 /* input.c in Sources */,
				B522A0AE134B8DE700069646 /* lightgun.c in Sources */,
				B522A0AF134B8DE700069646 /* mouse.c in Sources */,
				B522A0B0134B8DE700069646 /* paddle.c in Sources */,
				B522A0B1134B8DE700069646 /* sportspad.c in Sources */,
				B522A0B2134B8DE700069646 /* teamplayer.c in Sources */,
				B522A0B3134B8DE700069646 /* xe_a1p.c in Sources */,
				B522A0B4134B8DE700069646 /* io_ctrl.c in Sources */,
				B522A0B5134B8DE700069646 /* loadrom.c in Sources */,
				B522A0B6134B8DE700069646 /* m68kcpu.c in Sources */,
				B522A0B7134B8DE700069646 /* m68kops.c in Sources */,
				B522A0B9134B8DE700069646 /* mem68k.c in Sources */,
				B522A0BA134B8DE700069646 /* membnk.c in Sources */,
				B522A0BB134B8DE700069646 /* memz80.c in Sources */,
				B522A0BE134B8DE700069646 /* md_ntsc.c in Sources */,
				B522A0C0134B8DE700069646 /* sms_ntsc.c in Sources */,
				B522A0C2134B8DE700069646 /* blip.c in Sources */,
				B522A0C3134B8DE700069646 /* eq.c in Sources */,
				B522A0C4134B8DE700069646 /* Fir_Resampler.c in Sources */,
				B522A0C5134B8DE700069646 /* sn76489.c in Sources */,
				B522A0C6134B8DE700069646 /* sound.c in Sources */,
				B522A0C7134B8DE700069646 /* ym2612.c in Sources */,
				B522A0C8134B8DE700069646 /* state.c in Sources */,
				B522A0C9134B8DE700069646 /* system.c in Sources */,
				B522A0DE134B8DE700069646 /* vdp_ctrl.c in Sources */,
				B522A0DF134B8DE700069646 /* vdp_render.c in Sources */,
				B522A0E0134B8DE700069646 /* z80.c in Sources */,
			);
			runOnlyForDeploymentPostprocessing = 0;
		};
/* End PBXSourcesBuildPhase section */

/* Begin PBXTargetDependency section */
		82287C97101EA0560072172D /* PBXTargetDependency */ = {
			isa = PBXTargetDependency;
			name = OpenEmuBase;
			targetProxy = 82287C96101EA0560072172D /* PBXContainerItemProxy */;
		};
		822C1943101EA4B60034119F /* PBXTargetDependency */ = {
			isa = PBXTargetDependency;
			target = 8D5B49AC048680CD000E48DA /* GenesisPlus */;
			targetProxy = 822C1942101EA4B60034119F /* PBXContainerItemProxy */;
		};
		8230C7D510AFCB0F00412F24 /* PBXTargetDependency */ = {
			isa = PBXTargetDependency;
			target = 8D5B49AC048680CD000E48DA /* GenesisPlus */;
			targetProxy = 8230C7D410AFCB0F00412F24 /* PBXContainerItemProxy */;
		};
/* End PBXTargetDependency section */

/* Begin PBXVariantGroup section */
		089C167DFE841241C02AAC07 /* InfoPlist.strings */ = {
			isa = PBXVariantGroup;
			children = (
				089C167EFE841241C02AAC07 /* English */,
			);
			name = InfoPlist.strings;
			sourceTree = "<group>";
		};
/* End PBXVariantGroup section */

/* Begin XCBuildConfiguration section */
		1DEB913B08733D840010E9CD /* Debug */ = {
			isa = XCBuildConfiguration;
			buildSettings = {
				ALWAYS_SEARCH_USER_PATHS = NO;
				ARCHS = "$(ARCHS_STANDARD_64_BIT)";
				EXPORTED_SYMBOLS_FILE = ../OpenEmu/objc_only.exports;
				GCC_C_LANGUAGE_STANDARD = gnu99;
				GCC_ENABLE_FIX_AND_CONTINUE = YES;
				GCC_PRECOMPILE_PREFIX_HEADER = YES;
				GCC_PREFIX_HEADER = GenesisPlus_Prefix.pch;
				GCC_VERSION = 4.2;
				HEADER_SEARCH_PATHS = "\"$(SRCROOT)/../OpenEmu\"";
				INFOPLIST_FILE = Info.plist;
				INSTALL_PATH = "$(HOME)/Library/Bundles";
				LD_RUNPATH_SEARCH_PATHS = "\"/Library/Graphics/Quartz Composer Plug-Ins/OpenEmuQC.plugin/Contents/Frameworks/\" \"~/Library/Graphics/Quartz Composer Plug-Ins/OpenEmuQC.plugin/Contents/Frameworks/\" ~/Library/Frameworks /Library/Frameworks @loader_path/../Frameworks";
				OTHER_CFLAGS = (
					"-DDOS",
					"-DLSB_FIRST",
				);
				PRODUCT_NAME = GenesisPlus;
				USER_HEADER_SEARCH_PATHS = "\"$(PROJECT_DIR)\"";
				WRAPPER_EXTENSION = oecoreplugin;
			};
			name = Debug;
		};
		1DEB913C08733D840010E9CD /* Release */ = {
			isa = XCBuildConfiguration;
			buildSettings = {
				ALWAYS_SEARCH_USER_PATHS = NO;
				ARCHS = "$(ARCHS_STANDARD_64_BIT)";
				EXPORTED_SYMBOLS_FILE = ../OpenEmu/objc_only.exports;
				GCC_C_LANGUAGE_STANDARD = gnu99;
				GCC_PRECOMPILE_PREFIX_HEADER = YES;
				GCC_PREFIX_HEADER = GenesisPlus_Prefix.pch;
				GCC_VERSION = 4.2;
				HEADER_SEARCH_PATHS = "\"$(SRCROOT)/../OpenEmu\"";
				INFOPLIST_FILE = Info.plist;
				INSTALL_PATH = "$(HOME)/Library/Bundles";
				LD_RUNPATH_SEARCH_PATHS = "\"/Library/Graphics/Quartz Composer Plug-Ins/OpenEmuQC.plugin/Contents/Frameworks/\" \"~/Library/Graphics/Quartz Composer Plug-Ins/OpenEmuQC.plugin/Contents/Frameworks/\" ~/Library/Frameworks /Library/Frameworks @loader_path/../Frameworks";
				OTHER_CFLAGS = (
					"-DDOS",
					"-DLSB_FIRST",
				);
				PRODUCT_NAME = GenesisPlus;
				USER_HEADER_SEARCH_PATHS = "\"$(PROJECT_DIR)\"";
				WRAPPER_EXTENSION = oecoreplugin;
			};
			name = Release;
		};
		1DEB913F08733D840010E9CD /* Debug */ = {
			isa = XCBuildConfiguration;
			buildSettings = {
				ARCHS = "$(ARCHS_STANDARD_64_BIT)";
				CLANG_ENABLE_OBJC_EXPERIMENTAL = YES;
				DEBUG_INFORMATION_FORMAT = "dwarf-with-dsym";
				GCC_C_LANGUAGE_STANDARD = c99;
				GCC_INCREASE_PRECOMPILED_HEADER_SHARING = YES;
				GCC_OPTIMIZATION_LEVEL = 0;
				GCC_VERSION = com.apple.compilers.llvm.clang.1_0;
				GCC_WARN_ABOUT_RETURN_TYPE = YES;
				GCC_WARN_UNUSED_VARIABLE = YES;
				MACOSX_DEPLOYMENT_TARGET = 10.6;
				ONLY_ACTIVE_ARCH = YES;
				OTHER_CFLAGS = "-DOSD_CPU_H";
				SDKROOT = macosx10.6;
			};
			name = Debug;
		};
		1DEB914008733D840010E9CD /* Release */ = {
			isa = XCBuildConfiguration;
			buildSettings = {
				ARCHS = "$(ARCHS_STANDARD_64_BIT)";
				CLANG_ENABLE_OBJC_EXPERIMENTAL = YES;
				DEAD_CODE_STRIPPING = YES;
				DEBUG_INFORMATION_FORMAT = "dwarf-with-dsym";
				GCC_C_LANGUAGE_STANDARD = c99;
				GCC_INCREASE_PRECOMPILED_HEADER_SHARING = YES;
				GCC_OPTIMIZATION_LEVEL = 3;
				GCC_VERSION = com.apple.compilers.llvm.clang.1_0;
				GCC_WARN_ABOUT_RETURN_TYPE = YES;
				GCC_WARN_UNUSED_VARIABLE = YES;
				MACOSX_DEPLOYMENT_TARGET = 10.6;
				OTHER_CFLAGS = "-DOSD_CPU_H";
				SDKROOT = macosx10.6;
			};
			name = Release;
		};
		822C1940101EA4B00034119F /* Debug */ = {
			isa = XCBuildConfiguration;
			buildSettings = {
				PRODUCT_NAME = "Build & Install";
			};
			name = Debug;
		};
		822C1941101EA4B00034119F /* Release */ = {
			isa = XCBuildConfiguration;
			buildSettings = {
				GCC_ENABLE_FIX_AND_CONTINUE = NO;
				PRODUCT_NAME = "Build & Install";
			};
			name = Release;
		};
		8230C7D210AFCB0600412F24 /* Debug */ = {
			isa = XCBuildConfiguration;
			buildSettings = {
				PRODUCT_NAME = Distribution;
			};
			name = Debug;
		};
		8230C7D310AFCB0600412F24 /* Release */ = {
			isa = XCBuildConfiguration;
			buildSettings = {
				GCC_ENABLE_FIX_AND_CONTINUE = NO;
				PRODUCT_NAME = Distribution;
			};
			name = Release;
		};
/* End XCBuildConfiguration section */

/* Begin XCConfigurationList section */
		1DEB913A08733D840010E9CD /* Build configuration list for PBXNativeTarget "GenesisPlus" */ = {
			isa = XCConfigurationList;
			buildConfigurations = (
				1DEB913B08733D840010E9CD /* Debug */,
				1DEB913C08733D840010E9CD /* Release */,
			);
			defaultConfigurationIsVisible = 0;
			defaultConfigurationName = Release;
		};
		1DEB913E08733D840010E9CD /* Build configuration list for PBXProject "GenesisPlus" */ = {
			isa = XCConfigurationList;
			buildConfigurations = (
				1DEB913F08733D840010E9CD /* Debug */,
				1DEB914008733D840010E9CD /* Release */,
			);
			defaultConfigurationIsVisible = 0;
			defaultConfigurationName = Release;
		};
		822C1944101EA4D40034119F /* Build configuration list for PBXAggregateTarget "Build & Install" */ = {
			isa = XCConfigurationList;
			buildConfigurations = (
				822C1940101EA4B00034119F /* Debug */,
				822C1941101EA4B00034119F /* Release */,
			);
			defaultConfigurationIsVisible = 0;
			defaultConfigurationName = Release;
		};
		8230C7DD10AFCB2E00412F24 /* Build configuration list for PBXAggregateTarget "Distribution" */ = {
			isa = XCConfigurationList;
			buildConfigurations = (
				8230C7D210AFCB0600412F24 /* Debug */,
				8230C7D310AFCB0600412F24 /* Release */,
			);
			defaultConfigurationIsVisible = 0;
			defaultConfigurationName = Release;
		};
/* End XCConfigurationList section */
	};
	rootObject = 089C1669FE841209C02AAC07 /* Project object */;
}
